
Microsoft Visual Studio Solution File, Format Version 11.00
# Visual Studio 2010
Project("{FAE04EC0-301F-11D3-BF4B-00C04F79EFBC}") = "Program", "Program\Program.csproj", "{225FC62B-C207-45CF-A41A-4186056C4127}"
EndProject
Project("{FAE04EC0-301F-11D3-BF4B-00C04F79EFBC}") = "Marketplace", "Marketplace\Marketplace.csproj", "{82E3EC56-FE44-4897-93B1-1847D4FC0CE7}"
EndProject
Project("{FAE04EC0-301F-11D3-BF4B-00C04F79EFBC}") = "Data", "Data\Data.csproj", "{29963035-77DB-4986-9297-AADF2E0ECFCB}"
EndProject
Global
	GlobalSection(SolutionConfigurationPlatforms) = preSolution
		Debug|Any CPU = Debug|Any CPU
		Debug|Mixed Platforms = Debug|Mixed Platforms
		Debug|x86 = Debug|x86
		Release|Any CPU = Release|Any CPU
		Release|Mixed Platforms = Release|Mixed Platforms
		Release|x86 = Release|x86
	EndGlobalSection
	GlobalSection(ProjectConfigurationPlatforms) = postSolution
		{225FC62B-C207-45CF-A41A-4186056C4127}.Debug|Any CPU.ActiveCfg = Debug|x86
		{225FC62B-C207-45CF-A41A-4186056C4127}.Debug|Mixed Platforms.ActiveCfg = Debug|x86
		{225FC62B-C207-45CF-A41A-4186056C4127}.Debug|Mixed Platforms.Build.0 = Debug|x86
		{225FC62B-C207-45CF-A41A-4186056C4127}.Debug|x86.ActiveCfg = Debug|x86
		{225FC62B-C207-45CF-A41A-4186056C4127}.Debug|x86.Build.0 = Debug|x86
		{225FC62B-C207-45CF-A41A-4186056C4127}.Release|Any CPU.ActiveCfg = Release|x86
		{225FC62B-C207-45CF-A41A-4186056C4127}.Release|Mixed Platforms.ActiveCfg = Release|x86
		{225FC62B-C207-45CF-A41A-4186056C4127}.Release|Mixed Platforms.Build.0 = Release|x86
		{225FC62B-C207-45CF-A41A-4186056C4127}.Release|x86.ActiveCfg = Release|x86
		{225FC62B-C207-45CF-A41A-4186056C4127}.Release|x86.Build.0 = Release|x86
		{82E3EC56-FE44-4897-93B1-1847D4FC0CE7}.Debug|Any CPU.ActiveCfg = Debug|Any CPU
		{82E3EC56-FE44-4897-93B1-1847D4FC0CE7}.Debug|Any CPU.Build.0 = Debug|Any CPU
		{82E3EC56-FE44-4897-93B1-1847D4FC0CE7}.Debug|Mixed Platforms.ActiveCfg = Debug|Any CPU
		{82E3EC56-FE44-4897-93B1-1847D4FC0CE7}.Debug|Mixed Platforms.Build.0 = Debug|Any CPU
		{82E3EC56-FE44-4897-93B1-1847D4FC0CE7}.Debug|x86.ActiveCfg = Debug|Any CPU
		{82E3EC56-FE44-4897-93B1-1847D4FC0CE7}.Release|Any CPU.ActiveCfg = Release|Any CPU
		{82E3EC56-FE44-4897-93B1-1847D4FC0CE7}.Release|Any CPU.Build.0 = Release|Any CPU
		{82E3EC56-FE44-4897-93B1-1847D4FC0CE7}.Release|Mixed Platforms.ActiveCfg = Release|Any CPU
		{82E3EC56-FE44-4897-93B1-1847D4FC0CE7}.Release|Mixed Platforms.Build.0 = Release|Any CPU
		{82E3EC56-FE44-4897-93B1-1847D4FC0CE7}.Release|x86.ActiveCfg = Release|Any CPU
		{29963035-77DB-4986-9297-AADF2E0ECFCB}.Debug|Any CPU.ActiveCfg = Debug|Any CPU
		{29963035-77DB-4986-9297-AADF2E0ECFCB}.Debug|Any CPU.Build.0 = Debug|Any CPU
		{29963035-77DB-4986-9297-AADF2E0ECFCB}.Debug|Mixed Platforms.ActiveCfg = Debug|Any CPU
		{29963035-77DB-4986-9297-AADF2E0ECFCB}.Debug|Mixed Platforms.Build.0 = Debug|Any CPU
		{29963035-77DB-4986-9297-AADF2E0ECFCB}.Debug|x86.ActiveCfg = Debug|Any CPU
		{29963035-77DB-4986-9297-AADF2E0ECFCB}.Release|Any CPU.ActiveCfg = Release|Any CPU
		{29963035-77DB-4986-9297-AADF2E0ECFCB}.Release|Any CPU.Build.0 = Release|Any CPU
		{29963035-77DB-4986-9297-AADF2E0ECFCB}.Release|Mixed Platforms.ActiveCfg = Release|Any CPU
		{29963035-77DB-4986-9297-AADF2E0ECFCB}.Release|Mixed Platforms.Build.0 = Release|Any CPU
		{29963035-77DB-4986-9297-AADF2E0ECFCB}.Release|x86.ActiveCfg = Release|Any CPU
	EndGlobalSection
	GlobalSection(SolutionProperties) = preSolution
		HideSolutionNode = FALSE
	EndGlobalSection
EndGlobal
